{
  "name": "render.js",
  "version": "0.0.1",
  "dependencies": {
    "express": {
      "version": "3.3.8",
      "from": "express@",
      "resolved": "https://registry.npmjs.org/express/-/express-3.3.8.tgz",
      "dependencies": {
        "connect": {
          "version": "2.8.8",
          "from": "connect@2.8.8",
          "resolved": "https://registry.npmjs.org/connect/-/connect-2.8.8.tgz",
          "dependencies": {
            "qs": {
              "version": "0.6.5",
              "from": "qs@0.6.5"
            },
            "formidable": {
              "version": "1.0.14",
              "from": "formidable@1.0.14"
            },
            "bytes": {
              "version": "0.2.0",
              "from": "bytes@0.2.0"
            },
            "pause": {
              "version": "0.0.1",
              "from": "pause@0.0.1"
            },
            "uid2": {
              "version": "0.0.2",
              "from": "uid2@0.0.2"
            }
          }
        },
        "commander": {
          "version": "1.2.0",
          "from": "commander@1.2.0",
          "resolved": "https://registry.npmjs.org/commander/-/commander-1.2.0.tgz",
          "dependencies": {
            "keypress": {
              "version": "0.1.0",
              "from": "keypress@0.1.x"
            }
          }
        },
        "range-parser": {
          "version": "0.0.4",
          "from": "range-parser@0.0.4"
        },
        "mkdirp": {
          "version": "0.3.5",
          "from": "mkdirp@0.3.5"
        },
        "cookie": {
          "version": "0.1.0",
          "from": "cookie@0.1.0"
        },
        "buffer-crc32": {
          "version": "0.2.1",
          "from": "buffer-crc32@0.2.1"
        },
        "fresh": {
          "version": "0.2.0",
          "from": "fresh@0.2.0"
        },
        "methods": {
          "version": "0.0.1",
          "from": "methods@0.0.1"
        },
        "send": {
          "version": "0.1.4",
          "from": "send@0.1.4",
          "dependencies": {
            "mime": {
              "version": "1.2.11",
              "from": "mime@~1.2.9"
            }
          }
        },
        "cookie-signature": {
          "version": "1.0.1",
          "from": "cookie-signature@1.0.1"
        },
        "debug": {
          "version": "0.7.2",
          "from": "debug@*"
        }
      }
    },
    "phantom-proxy": {
      "version": "0.1.792",
      "from": "phantom-proxy@",
      "resolved": "https://registry.npmjs.org/phantom-proxy/-/phantom-proxy-0.1.792.tgz",
      "dependencies": {
        "colors": {
          "version": "0.6.2",
          "from": "colors@~0.6.0-1"
        },
        "form-data": {
          "version": "0.0.10",
          "from": "form-data@~0.0.3",
          "dependencies": {
            "combined-stream": {
              "version": "0.0.4",
              "from": "combined-stream@~0.0.4",
              "dependencies": {
                "delayed-stream": {
                  "version": "0.0.5",
                  "from": "delayed-stream@0.0.5"
                }
              }
            },
            "async": {
              "version": "0.2.9",
              "from": "async@~0.2.7"
            }
          }
        },
        "mime": {
          "version": "1.2.11",
          "from": "mime@~1.2.7"
        },
        "q": {
          "version": "0.8.12",
          "from": "q@~0.8.8"
        },
        "underscore": {
          "version": "1.4.4",
          "from": "underscore@~1.4.0"
        },
        "express": {
          "version": "3.0.6",
          "from": "express@ ~3.0.3",
          "resolved": "https://registry.npmjs.org/express/-/express-3.0.6.tgz",
          "dependencies": {
            "connect": {
              "version": "2.7.2",
              "from": "connect@2.7.2",
              "resolved": "https://registry.npmjs.org/connect/-/connect-2.7.2.tgz",
              "dependencies": {
                "qs": {
                  "version": "0.5.1",
                  "from": "qs@0.5.1"
                },
                "formidable": {
                  "version": "1.0.11",
                  "from": "formidable@1.0.11"
                },
                "bytes": {
                  "version": "0.1.0",
                  "from": "bytes@0.1.0"
                },
                "pause": {
                  "version": "0.0.1",
                  "from": "pause@0.0.1"
                }
              }
            },
            "commander": {
              "version": "0.6.1",
              "from": "commander@0.6.1"
            },
            "range-parser": {
              "version": "0.0.4",
              "from": "range-parser@0.0.4"
            },
            "mkdirp": {
              "version": "0.3.3",
              "from": "mkdirp@0.3.3"
            },
            "cookie": {
              "version": "0.0.5",
              "from": "cookie@0.0.5"
            },
            "buffer-crc32": {
              "version": "0.1.1",
              "from": "buffer-crc32@0.1.1",
              "resolved": "https://registry.npmjs.org/buffer-crc32/-/buffer-crc32-0.1.1.tgz"
            },
            "fresh": {
              "version": "0.1.0",
              "from": "fresh@0.1.0"
            },
            "methods": {
              "version": "0.0.1",
              "from": "methods@0.0.1"
            },
            "send": {
              "version": "0.1.0",
              "from": "send@0.1.0",
              "resolved": "https://registry.npmjs.org/send/-/send-0.1.0.tgz",
              "dependencies": {
                "mime": {
                  "version": "1.2.6",
                  "from": "mime@1.2.6"
                }
              }
            },
            "cookie-signature": {
              "version": "0.0.1",
              "from": "cookie-signature@0.0.1",
              "resolved": "https://registry.npmjs.org/cookie-signature/-/cookie-signature-0.0.1.tgz"
            },
            "debug": {
              "version": "0.7.2",
              "from": "debug@*"
            }
          }
        },
        "socket.io": {
          "version": "0.9.16",
          "from": "socket.io@~0.9.11",
          "dependencies": {
            "socket.io-client": {
              "version": "0.9.16",
              "from": "socket.io-client@0.9.16",
              "dependencies": {
                "uglify-js": {
                  "version": "1.2.5",
                  "from": "uglify-js@1.2.5"
                },
                "ws": {
                  "version": "0.4.30",
                  "from": "ws@0.4.x",
                  "dependencies": {
                    "commander": {
                      "version": "0.6.1",
                      "from": "commander@~0.6.1"
                    },
                    "nan": {
                      "version": "0.3.2",
                      "from": "nan@~0.3.0"
                    },
                    "tinycolor": {
                      "version": "0.0.1",
                      "from": "tinycolor@0.x"
                    },
                    "options": {
                      "version": "0.0.5",
                      "from": "options@>=0.0.5"
                    }
                  }
                },
                "xmlhttprequest": {
                  "version": "1.4.2",
                  "from": "xmlhttprequest@1.4.2"
                },
                "active-x-obfuscator": {
                  "version": "0.0.1",
                  "from": "active-x-obfuscator@0.0.1",
                  "dependencies": {
                    "zeparser": {
                      "version": "0.0.5",
                      "from": "zeparser@0.0.5"
                    }
                  }
                }
              }
            },
            "policyfile": {
              "version": "0.0.4",
              "from": "policyfile@0.0.4"
            },
            "base64id": {
              "version": "0.1.0",
              "from": "base64id@0.1.0"
            },
            "redis": {
              "version": "0.7.3",
              "from": "redis@0.7.3"
            }
          }
        },
        "event-stream": {
          "version": "3.0.16",
          "from": "event-stream@~3.0.10",
          "resolved": "https://registry.npmjs.org/event-stream/-/event-stream-3.0.16.tgz",
          "dependencies": {
            "through": {
              "version": "2.3.4",
              "from": "through@~2.3.1",
              "resolved": "https://registry.npmjs.org/through/-/through-2.3.4.tgz"
            },
            "duplexer": {
              "version": "0.0.4",
              "from": "duplexer@~0.0.2",
              "resolved": "https://registry.npmjs.org/duplexer/-/duplexer-0.0.4.tgz"
            },
            "from": {
              "version": "0.1.3",
              "from": "from@~0",
              "resolved": "https://registry.npmjs.org/from/-/from-0.1.3.tgz"
            },
            "map-stream": {
              "version": "0.0.2",
              "from": "map-stream@0.0.2",
              "resolved": "https://registry.npmjs.org/map-stream/-/map-stream-0.0.2.tgz"
            },
            "pause-stream": {
              "version": "0.0.10",
              "from": "pause-stream@0.0.10",
              "resolved": "https://registry.npmjs.org/pause-stream/-/pause-stream-0.0.10.tgz"
            },
            "split": {
              "version": "0.2.10",
              "from": "split@0.2",
              "resolved": "https://registry.npmjs.org/split/-/split-0.2.10.tgz"
            },
            "stream-combiner": {
              "version": "0.0.0",
              "from": "stream-combiner@0.0.0",
              "resolved": "https://registry.npmjs.org/stream-combiner/-/stream-combiner-0.0.0.tgz",
              "dependencies": {
                "duplexer": {
                  "version": "0.0.2",
                  "from": "duplexer@0.0.2",
                  "resolved": "https://registry.npmjs.org/duplexer/-/duplexer-0.0.2.tgz"
                }
              }
            }
          }
        }
      }
    },
    "stdio": {
      "version": "0.1.0",
      "from": "stdio@",
      "resolved": "https://registry.npmjs.org/stdio/-/stdio-0.1.0.tgz"
    },
    "phantomjs": {
      "version": "1.9.1-9",
      "from": "phantomjs@",
      "dependencies": {
        "adm-zip": {
          "version": "0.2.1",
          "from": "adm-zip@0.2.1"
        },
        "kew": {
          "version": "0.1.7",
          "from": "kew@~0.1.7"
        },
        "ncp": {
          "version": "0.4.2",
          "from": "ncp@0.4.2"
        },
        "npmconf": {
          "version": "0.0.24",
          "from": "npmconf@0.0.24",
          "dependencies": {
            "config-chain": {
              "version": "1.1.7",
              "from": "config-chain@~1.1.1",
              "dependencies": {
                "proto-list": {
                  "version": "1.2.2",
                  "from": "proto-list@~1.2.1"
                }
              }
            },
            "inherits": {
              "version": "1.0.0",
              "from": "inherits@~1.0.0"
            },
            "once": {
              "version": "1.1.1",
              "from": "once@~1.1.1"
            },
            "osenv": {
              "version": "0.0.3",
              "from": "osenv@0.0.3"
            },
            "nopt": {
              "version": "2.1.2",
              "from": "nopt@2",
              "dependencies": {
                "abbrev": {
                  "version": "1.0.4",
                  "from": "abbrev@1"
                }
              }
            },
            "semver": {
              "version": "1.1.4",
              "from": "semver@~1.1.0"
            },
            "ini": {
              "version": "1.1.0",
              "from": "ini@~1.1.0"
            }
          }
        },
        "mkdirp": {
          "version": "0.3.5",
          "from": "mkdirp@0.3.5"
        },
        "rimraf": {
          "version": "2.0.3",
          "from": "rimraf@~2.0.2",
          "dependencies": {
            "graceful-fs": {
              "version": "1.1.14",
              "from": "graceful-fs@~1.1"
            }
          }
        },
        "which": {
          "version": "1.0.5",
          "from": "which@~1.0.5"
        }
      }
    },
    "node-phantom": {
      "version": "0.2.3",
      "from": "node-phantom@",
      "resolved": "https://registry.npmjs.org/node-phantom/-/node-phantom-0.2.3.tgz",
      "dependencies": {
        "socket.io": {
          "version": "0.9.16",
          "from": "socket.io@>=0.9.6",
          "dependencies": {
            "socket.io-client": {
              "version": "0.9.16",
              "from": "socket.io-client@0.9.16",
              "dependencies": {
                "uglify-js": {
                  "version": "1.2.5",
                  "from": "uglify-js@1.2.5"
                },
                "ws": {
                  "version": "0.4.30",
                  "from": "ws@0.4.x",
                  "dependencies": {
                    "commander": {
                      "version": "0.6.1",
                      "from": "commander@~0.6.1"
                    },
                    "nan": {
                      "version": "0.3.2",
                      "from": "nan@~0.3.0"
                    },
                    "tinycolor": {
                      "version": "0.0.1",
                      "from": "tinycolor@0.x"
                    },
                    "options": {
                      "version": "0.0.5",
                      "from": "options@>=0.0.5"
                    }
                  }
                },
                "xmlhttprequest": {
                  "version": "1.4.2",
                  "from": "xmlhttprequest@1.4.2"
                },
                "active-x-obfuscator": {
                  "version": "0.0.1",
                  "from": "active-x-obfuscator@0.0.1",
                  "dependencies": {
                    "zeparser": {
                      "version": "0.0.5",
                      "from": "zeparser@0.0.5"
                    }
                  }
                }
              }
            },
            "policyfile": {
              "version": "0.0.4",
              "from": "policyfile@0.0.4"
            },
            "base64id": {
              "version": "0.1.0",
              "from": "base64id@0.1.0"
            },
            "redis": {
              "version": "0.7.3",
              "from": "redis@0.7.3"
            }
          }
        }
      }
    }
  }
}
